// !$*UTF8*$!
{
	archiveVersion = 1;
	classes = {
	};
	objectVersion = 46;
	objects = {

/* Begin PBXBuildFile section */
		8531F0851DC4ABF500D47F31 /* AppDelegate.swift in Sources */ = {isa = PBXBuildFile; fileRef = 8531F0841DC4ABF500D47F31 /* AppDelegate.swift */; };
		8531F0871DC4ABF500D47F31 /* ViewController.swift in Sources */ = {isa = PBXBuildFile; fileRef = 8531F0861DC4ABF500D47F31 /* ViewController.swift */; };
		8531F08A1DC4ABF500D47F31 /* Main.storyboard in Resources */ = {isa = PBXBuildFile; fileRef = 8531F0881DC4ABF500D47F31 /* Main.storyboard */; };
		8531F08C1DC4ABF500D47F31 /* Assets.xcassets in Resources */ = {isa = PBXBuildFile; fileRef = 8531F08B1DC4ABF500D47F31 /* Assets.xcassets */; };
		854613511DC4AF1100ACF869 /* Kanna.framework in Frameworks */ = {isa = PBXBuildFile; fileRef = 8531F0971DC4AD4000D47F31 /* Kanna.framework */; };
		854613521DC4AF1100ACF869 /* Kanna.framework in Embed Frameworks */ = {isa = PBXBuildFile; fileRef = 8531F0971DC4AD4000D47F31 /* Kanna.framework */; settings = {ATTRIBUTES = (CodeSignOnCopy, RemoveHeadersOnCopy, ); }; };
		854613561DC4B04900ACF869 /* RecentTableViewCell.swift in Sources */ = {isa = PBXBuildFile; fileRef = 854613541DC4B04900ACF869 /* RecentTableViewCell.swift */; };
		854613571DC4B04900ACF869 /* RecentTableViewCell.xib in Resources */ = {isa = PBXBuildFile; fileRef = 854613551DC4B04900ACF869 /* RecentTableViewCell.xib */; };
		854613591DC4B05F00ACF869 /* RecentsViewController.swift in Sources */ = {isa = PBXBuildFile; fileRef = 854613581DC4B05F00ACF869 /* RecentsViewController.swift */; };
		8546135B1DC4B16000ACF869 /* nothing.png in Resources */ = {isa = PBXBuildFile; fileRef = 8546135A1DC4B16000ACF869 /* nothing.png */; };
		8572D2D01DC60DF200779C4F /* CoreActionSheetPicker.framework in Frameworks */ = {isa = PBXBuildFile; fileRef = 8572D2CF1DC60DF200779C4F /* CoreActionSheetPicker.framework */; };
		8572D2D11DC60DF200779C4F /* CoreActionSheetPicker.framework in Embed Frameworks */ = {isa = PBXBuildFile; fileRef = 8572D2CF1DC60DF200779C4F /* CoreActionSheetPicker.framework */; settings = {ATTRIBUTES = (CodeSignOnCopy, RemoveHeadersOnCopy, ); }; };
		859A25EB1DC5A3FB0074D187 /* SlideMenuController.swift in Sources */ = {isa = PBXBuildFile; fileRef = 859A25EA1DC5A3FB0074D187 /* SlideMenuController.swift */; };
/* End PBXBuildFile section */

/* Begin PBXCopyFilesBuildPhase section */
		854613531DC4AF1100ACF869 /* Embed Frameworks */ = {
			isa = PBXCopyFilesBuildPhase;
			buildActionMask = 2147483647;
			dstPath = "";
			dstSubfolderSpec = 10;
			files = (
				854613521DC4AF1100ACF869 /* Kanna.framework in Embed Frameworks */,
				8572D2D11DC60DF200779C4F /* CoreActionSheetPicker.framework in Embed Frameworks */,
			);
			name = "Embed Frameworks";
			runOnlyForDeploymentPostprocessing = 0;
		};
/* End PBXCopyFilesBuildPhase section */

/* Begin PBXFileReference section */
		8531F0811DC4ABF500D47F31 /* GetRandomApp.app */ = {isa = PBXFileReference; explicitFileType = wrapper.application; includeInIndex = 0; path = GetRandomApp.app; sourceTree = BUILT_PRODUCTS_DIR; };
		8531F0841DC4ABF500D47F31 /* AppDelegate.swift */ = {isa = PBXFileReference; lastKnownFileType = sourcecode.swift; path = AppDelegate.swift; sourceTree = "<group>"; };
		8531F0861DC4ABF500D47F31 /* ViewController.swift */ = {isa = PBXFileReference; lastKnownFileType = sourcecode.swift; path = ViewController.swift; sourceTree = "<group>"; };
		8531F0891DC4ABF500D47F31 /* Base */ = {isa = PBXFileReference; lastKnownFileType = file.storyboard; name = Base; path = Base.lproj/Main.storyboard; sourceTree = "<group>"; };
		8531F08B1DC4ABF500D47F31 /* Assets.xcassets */ = {isa = PBXFileReference; lastKnownFileType = folder.assetcatalog; path = Assets.xcassets; sourceTree = "<group>"; };
		8531F0901DC4ABF500D47F31 /* Info.plist */ = {isa = PBXFileReference; lastKnownFileType = text.plist.xml; path = Info.plist; sourceTree = "<group>"; };
		8531F0971DC4AD4000D47F31 /* Kanna.framework */ = {isa = PBXFileReference; lastKnownFileType = wrapper.framework; name = Kanna.framework; path = Carthage/Build/iOS/Kanna.framework; sourceTree = "<group>"; };
		854613541DC4B04900ACF869 /* RecentTableViewCell.swift */ = {isa = PBXFileReference; fileEncoding = 4; lastKnownFileType = sourcecode.swift; path = RecentTableViewCell.swift; sourceTree = "<group>"; };
		854613551DC4B04900ACF869 /* RecentTableViewCell.xib */ = {isa = PBXFileReference; fileEncoding = 4; lastKnownFileType = file.xib; path = RecentTableViewCell.xib; sourceTree = "<group>"; };
		854613581DC4B05F00ACF869 /* RecentsViewController.swift */ = {isa = PBXFileReference; fileEncoding = 4; lastKnownFileType = sourcecode.swift; path = RecentsViewController.swift; sourceTree = "<group>"; };
		8546135A1DC4B16000ACF869 /* nothing.png */ = {isa = PBXFileReference; lastKnownFileType = image.png; path = nothing.png; sourceTree = "<group>"; };
		8572D2CF1DC60DF200779C4F /* CoreActionSheetPicker.framework */ = {isa = PBXFileReference; lastKnownFileType = wrapper.framework; name = CoreActionSheetPicker.framework; path = Carthage/Build/iOS/CoreActionSheetPicker.framework; sourceTree = "<group>"; };
		859A25EA1DC5A3FB0074D187 /* SlideMenuController.swift */ = {isa = PBXFileReference; fileEncoding = 4; lastKnownFileType = sourcecode.swift; path = SlideMenuController.swift; sourceTree = "<group>"; };
/* End PBXFileReference section */

/* Begin PBXFrameworksBuildPhase section */
		8531F07E1DC4ABF500D47F31 /* Frameworks */ = {
			isa = PBXFrameworksBuildPhase;
			buildActionMask = 2147483647;
			files = (
				854613511DC4AF1100ACF869 /* Kanna.framework in Frameworks */,
				8572D2D01DC60DF200779C4F /* CoreActionSheetPicker.framework in Frameworks */,
			);
			runOnlyForDeploymentPostprocessing = 0;
		};
/* End PBXFrameworksBuildPhase section */

/* Begin PBXGroup section */
		8531F0781DC4ABF500D47F31 = {
			isa = PBXGroup;
			children = (
				8531F0831DC4ABF500D47F31 /* GetRandomApp */,
				8531F0821DC4ABF500D47F31 /* Products */,
				8531F0961DC4AD4000D47F31 /* Frameworks */,
			);
			sourceTree = "<group>";
		};
		8531F0821DC4ABF500D47F31 /* Products */ = {
			isa = PBXGroup;
			children = (
				8531F0811DC4ABF500D47F31 /* GetRandomApp.app */,
			);
			name = Products;
			sourceTree = "<group>";
		};
		8531F0831DC4ABF500D47F31 /* GetRandomApp */ = {
			isa = PBXGroup;
			children = (
				859A25EA1DC5A3FB0074D187 /* SlideMenuController.swift */,
				8546135A1DC4B16000ACF869 /* nothing.png */,
				8531F0841DC4ABF500D47F31 /* AppDelegate.swift */,
				8531F0861DC4ABF500D47F31 /* ViewController.swift */,
				854613581DC4B05F00ACF869 /* RecentsViewController.swift */,
				854613541DC4B04900ACF869 /* RecentTableViewCell.swift */,
				854613551DC4B04900ACF869 /* RecentTableViewCell.xib */,
				8531F0881DC4ABF500D47F31 /* Main.storyboard */,
				8531F08B1DC4ABF500D47F31 /* Assets.xcassets */,
				8531F0901DC4ABF500D47F31 /* Info.plist */,
			);
			path = GetRandomApp;
			sourceTree = "<group>";
		};
		8531F0961DC4AD4000D47F31 /* Frameworks */ = {
			isa = PBXGroup;
			children = (
				8572D2CF1DC60DF200779C4F /* CoreActionSheetPicker.framework */,
				8531F0971DC4AD4000D47F31 /* Kanna.framework */,
			);
			name = Frameworks;
			sourceTree = "<group>";
		};
/* End PBXGroup section */

/* Begin PBXNativeTarget section */
		8531F0801DC4ABF500D47F31 /* GetRandomApp */ = {
			isa = PBXNativeTarget;
			buildConfigurationList = 8531F0931DC4ABF500D47F31 /* Build configuration list for PBXNativeTarget "GetRandomApp" */;
			buildPhases = (
				8531F07D1DC4ABF500D47F31 /* Sources */,
				8531F07E1DC4ABF500D47F31 /* Frameworks */,
				8531F07F1DC4ABF500D47F31 /* Resources */,
				8531F0991DC4AD4F00D47F31 /* ShellScript */,
				854613531DC4AF1100ACF869 /* Embed Frameworks */,
			);
			buildRules = (
			);
			dependencies = (
			);
			name = GetRandomApp;
			productName = GetRandomApp;
			productReference = 8531F0811DC4ABF500D47F31 /* GetRandomApp.app */;
			productType = "com.apple.product-type.application";
		};
/* End PBXNativeTarget section */

/* Begin PBXProject section */
		8531F0791DC4ABF500D47F31 /* Project object */ = {
			isa = PBXProject;
			attributes = {
				LastSwiftUpdateCheck = 0800;
				LastUpgradeCheck = 0810;
				ORGANIZATIONNAME = "Family Account";
				TargetAttributes = {
					8531F0801DC4ABF500D47F31 = {
						CreatedOnToolsVersion = 8.0;
						DevelopmentTeam = 3X7LEN654Y;
						ProvisioningStyle = Automatic;
					};
				};
			};
			buildConfigurationList = 8531F07C1DC4ABF500D47F31 /* Build configuration list for PBXProject "GetRandomApp" */;
			compatibilityVersion = "Xcode 3.2";
			developmentRegion = English;
			hasScannedForEncodings = 0;
			knownRegions = (
				en,
				Base,
			);
			mainGroup = 8531F0781DC4ABF500D47F31;
			productRefGroup = 8531F0821DC4ABF500D47F31 /* Products */;
			projectDirPath = "";
			projectRoot = "";
			targets = (
				8531F0801DC4ABF500D47F31 /* GetRandomApp */,
			);
		};
/* End PBXProject section */

/* Begin PBXResourcesBuildPhase section */
		8531F07F1DC4ABF500D47F31 /* Resources */ = {
			isa = PBXResourcesBuildPhase;
			buildActionMask = 2147483647;
			files = (
				854613571DC4B04900ACF869 /* RecentTableViewCell.xib in Resources */,
				8546135B1DC4B16000ACF869 /* nothing.png in Resources */,
				8531F08C1DC4ABF500D47F31 /* Assets.xcassets in Resources */,
				8531F08A1DC4ABF500D47F31 /* Main.storyboard in Resources */,
			);
			runOnlyForDeploymentPostprocessing = 0;
		};
/* End PBXResourcesBuildPhase section */

/* Begin PBXShellScriptBuildPhase section */
		8531F0991DC4AD4F00D47F31 /* ShellScript */ = {
			isa = PBXShellScriptBuildPhase;
			buildActionMask = 8;
			files = (
			);
			inputPaths = (
				"$(SRCROOT)/Carthage/Build/iOS/Kanna.framework ",
				"$(SRCROOT)/Carthage/Build/iOS/CoreActionSheetPicker.framework ",
			);
			outputPaths = (
			);
			runOnlyForDeploymentPostprocessing = 1;
			shellPath = /bin/sh;
			shellScript = "/usr/local/bin/carthage copy-frameworks";
		};
/* End PBXShellScriptBuildPhase section */

/* Begin PBXSourcesBuildPhase section */
		8531F07D1DC4ABF500D47F31 /* Sources */ = {
			isa = PBXSourcesBuildPhase;
			buildActionMask = 2147483647;
			files = (
				8531F0871DC4ABF500D47F31 /* ViewController.swift in Sources */,
				859A25EB1DC5A3FB0074D187 /* SlideMenuController.swift in Sources */,
				854613591DC4B05F00ACF869 /* RecentsViewController.swift in Sources */,
				854613561DC4B04900ACF869 /* RecentTableViewCell.swift in Sources */,
				8531F0851DC4ABF500D47F31 /* AppDelegate.swift in Sources */,
			);
			runOnlyForDeploymentPostprocessing = 0;
		};
/* End PBXSourcesBuildPhase section */

/* Begin PBXVariantGroup section */
		8531F0881DC4ABF500D47F31 /* Main.storyboard */ = {
			isa = PBXVariantGroup;
			children = (
				8531F0891DC4ABF500D47F31 /* Base */,
			);
			name = Main.storyboard;
			sourceTree = "<group>";
		};
/* End PBXVariantGroup section */

/* Begin XCBuildConfiguration section */
		8531F0911DC4ABF500D47F31 /* Debug */ = {
			isa = XCBuildConfiguration;
			buildSettings = {
				ALWAYS_SEARCH_USER_PATHS = NO;
				CLANG_ANALYZER_NONNULL = YES;
				CLANG_CXX_LANGUAGE_STANDARD = "gnu++0x";
				CLANG_CXX_LIBRARY = "libc++";
				CLANG_ENABLE_MODULES = YES;
				CLANG_ENABLE_OBJC_ARC = YES;
				CLANG_WARN_BOOL_CONVERSION = YES;
				CLANG_WARN_CONSTANT_CONVERSION = YES;
				CLANG_WARN_DIRECT_OBJC_ISA_USAGE = YES_ERROR;
				CLANG_WARN_DOCUMENTATION_COMMENTS = YES;
				CLANG_WARN_EMPTY_BODY = YES;
				CLANG_WARN_ENUM_CONVERSION = YES;
				CLANG_WARN_INFINITE_RECURSION = YES;
				CLANG_WARN_INT_CONVERSION = YES;
				CLANG_WARN_OBJC_ROOT_CLASS = YES_ERROR;
				CLANG_WARN_SUSPICIOUS_MOVE = YES;
				CLANG_WARN_SUSPICIOUS_MOVES = YES;
				CLANG_WARN_UNREACHABLE_CODE = YES;
				CLANG_WARN__DUPLICATE_METHOD_MATCH = YES;
				"CODE_SIGN_IDENTITY[sdk=iphoneos*]" = "iPhone Developer";
				COPY_PHASE_STRIP = NO;
				DEBUG_INFORMATION_FORMAT = dwarf;
				ENABLE_STRICT_OBJC_MSGSEND = YES;
				ENABLE_TESTABILITY = YES;
				GCC_C_LANGUAGE_STANDARD = gnu99;
				GCC_DYNAMIC_NO_PIC = NO;
				GCC_NO_COMMON_BLOCKS = YES;
				GCC_OPTIMIZATION_LEVEL = 0;
				GCC_PREPROCESSOR_DEFINITIONS = (
					"DEBUG=1",
					"$(inherited)",
				);
				GCC_WARN_64_TO_32_BIT_CONVERSION = YES;
				GCC_WARN_ABOUT_RETURN_TYPE = YES_ERROR;
				GCC_WARN_UNDECLARED_SELECTOR = YES;
				GCC_WARN_UNINITIALIZED_AUTOS = YES_AGGRESSIVE;
				GCC_WARN_UNUSED_FUNCTION = YES;
				GCC_WARN_UNUSED_VARIABLE = YES;
				IPHONEOS_DEPLOYMENT_TARGET = 10.0;
				MTL_ENABLE_DEBUG_INFO = YES;
				ONLY_ACTIVE_ARCH = YES;
				SDKROOT = iphoneos;
				SWIFT_ACTIVE_COMPILATION_CONDITIONS = DEBUG;
				SWIFT_OPTIMIZATION_LEVEL = "-Onone";
			};
			name = Debug;
		};
		8531F0921DC4ABF500D47F31 /* Release */ = {
			isa = XCBuildConfiguration;
			buildSettings = {
				ALWAYS_SEARCH_USER_PATHS = NO;
				CLANG_ANALYZER_NONNULL = YES;
				CLANG_CXX_LANGUAGE_STANDARD = "gnu++0x";
				CLANG_CXX_LIBRARY = "libc++";
				CLANG_ENABLE_MODULES = YES;
				CLANG_ENABLE_OBJC_ARC = YES;
				CLANG_WARN_BOOL_CONVERSION = YES;
				CLANG_WARN_CONSTANT_CONVERSION = YES;
				CLANG_WARN_DIRECT_OBJC_ISA_USAGE = YES_ERROR;
				CLANG_WARN_DOCUMENTATION_COMMENTS = YES;
				CLANG_WARN_EMPTY_BODY = YES;
				CLANG_WARN_ENUM_CONVERSION = YES;
				CLANG_WARN_INFINITE_RECURSION = YES;
				CLANG_WARN_INT_CONVERSION = YES;
				CLANG_WARN_OBJC_ROOT_CLASS = YES_ERROR;
				CLANG_WARN_SUSPICIOUS_MOVE = YES;
				CLANG_WARN_SUSPICIOUS_MOVES = YES;
				CLANG_WARN_UNREACHABLE_CODE = YES;
				CLANG_WARN__DUPLICATE_METHOD_MATCH = YES;
				"CODE_SIGN_IDENTITY[sdk=iphoneos*]" = "iPhone Developer";
				COPY_PHASE_STRIP = NO;
				DEBUG_INFORMATION_FORMAT = "dwarf-with-dsym";
				ENABLE_NS_ASSERTIONS = NO;
				ENABLE_STRICT_OBJC_MSGSEND = YES;
				GCC_C_LANGUAGE_STANDARD = gnu99;
				GCC_NO_COMMON_BLOCKS = YES;
				GCC_WARN_64_TO_32_BIT_CONVERSION = YES;
				GCC_WARN_ABOUT_RETURN_TYPE = YES_ERROR;
				GCC_WARN_UNDECLARED_SELECTOR = YES;
				GCC_WARN_UNINITIALIZED_AUTOS = YES_AGGRESSIVE;
				GCC_WARN_UNUSED_FUNCTION = YES;
				GCC_WARN_UNUSED_VARIABLE = YES;
				IPHONEOS_DEPLOYMENT_TARGET = 10.0;
				MTL_ENABLE_DEBUG_INFO = NO;
				SDKROOT = iphoneos;
				SWIFT_OPTIMIZATION_LEVEL = "-Owholemodule";
				VALIDATE_PRODUCT = YES;
			};
			name = Release;
		};
		8531F0941DC4ABF500D47F31 /* Debug */ = {
			isa = XCBuildConfiguration;
			buildSettings = {
				ASSETCATALOG_COMPILER_APPICON_NAME = AppIcon;
				DEVELOPMENT_TEAM = 3X7LEN654Y;
				FRAMEWORK_SEARCH_PATHS = (
					"$(inherited)",
					"$(PROJECT_DIR)/Carthage/Build/iOS",
				);
				INFOPLIST_FILE = GetRandomApp/Info.plist;
				LD_RUNPATH_SEARCH_PATHS = "$(inherited) @executable_path/Frameworks";
				PRODUCT_BUNDLE_IDENTIFIER = kyoya.GetRandomApp;
				PRODUCT_NAME = "$(TARGET_NAME)";
				SWIFT_VERSION = 3.0;
			};
			name = Debug;
		};
		8531F0951DC4ABF500D47F31 /* Release */ = {
			isa = XCBuildConfiguration;
			buildSettings = {
				ASSETCATALOG_COMPILER_APPICON_NAME = AppIcon;
				DEVELOPMENT_TEAM = 3X7LEN654Y;
				FRAMEWORK_SEARCH_PATHS = (
					"$(inherited)",
					"$(PROJECT_DIR)/Carthage/Build/iOS",
				);
				INFOPLIST_FILE = GetRandomApp/Info.plist;
				LD_RUNPATH_SEARCH_PATHS = "$(inherited) @executable_path/Frameworks";
				PRODUCT_BUNDLE_IDENTIFIER = kyoya.GetRandomApp;
				PRODUCT_NAME = "$(TARGET_NAME)";
				SWIFT_VERSION = 3.0;
			};
			name = Release;
		};
/* End XCBuildConfiguration section */

/* Begin XCConfigurationList section */
		8531F07C1DC4ABF500D47F31 /* Build configuration list for PBXProject "GetRandomApp" */ = {
			isa = XCConfigurationList;
			buildConfigurations = (
				8531F0911DC4ABF500D47F31 /* Debug */,
				8531F0921DC4ABF500D47F31 /* Release */,
			);
			defaultConfigurationIsVisible = 0;
			defaultConfigurationName = Release;
		};
		8531F0931DC4ABF500D47F31 /* Build configuration list for PBXNativeTarget "GetRandomApp" */ = {
			isa = XCConfigurationList;
			buildConfigurations = (
				8531F0941DC4ABF500D47F31 /* Debug */,
				8531F0951DC4ABF500D47F31 /* Release */,
			);
			defaultConfigurationIsVisible = 0;
			defaultConfigurationName = Release;
		};
/* End XCConfigurationList section */
	};
	rootObject = 8531F0791DC4ABF500D47F31 /* Project object */;
}
